
Microsoft Visual Studio Solution File, Format Version 12.00
# Visual Studio Version 17
VisualStudioVersion = 17.4.33213.308
MinimumVisualStudioVersion = 10.0.40219.1
Project("{FAE04EC0-301F-11D3-BF4B-00C04F79EFBC}") = "TestNewDev", "TestNewDev.csproj", "{247CEE32-E23F-4437-B31B-7FEDEC946037}"
EndProject
Global
	GlobalSection(SolutionConfigurationPlatforms) = preSolution
		Debug|Any CPU = Debug|Any CPU
		Release|Any CPU = Release|Any CPU
	EndGlobalSection
	GlobalSection(ProjectConfigurationPlatforms) = postSolution
		{247CEE32-E23F-4437-B31B-7FEDEC946037}.Debug|Any CPU.ActiveCfg = Debug|Any CPU
		{247CEE32-E23F-4437-B31B-7FEDEC946037}.Debug|Any CPU.Build.0 = Debug|Any CPU
		{247CEE32-E23F-4437-B31B-7FEDEC946037}.Release|Any CPU.ActiveCfg = Release|Any CPU
		{247CEE32-E23F-4437-B31B-7FEDEC946037}.Release|Any CPU.Build.0 = Release|Any CPU
	EndGlobalSection
	GlobalSection(SolutionProperties) = preSolution
		HideSolutionNode = FALSE
	EndGlobalSection
	GlobalSection(ExtensibilityGlobals) = postSolution
		SolutionGuid = {5A73246D-3C9B-4315-8C07-A7600DCE00CA}
	EndGlobalSection
EndGlobal
